
Microsoft Visual Studio Solution File, Format Version 12.00
# Visual Studio Version 16
VisualStudioVersion = 16.0.31729.503
MinimumVisualStudioVersion = 10.0.40219.1
Project("{FAE04EC0-301F-11D3-BF4B-00C04F79EFBC}") = "Database_App", "Database_App\Database_App.csproj", "{1D5800E9-C0F0-47B2-8FDC-FD2574038E32}"
EndProject
Global
	GlobalSection(SolutionConfigurationPlatforms) = preSolution
		Debug|Any CPU = Debug|Any CPU
		Release|Any CPU = Release|Any CPU
	EndGlobalSection
	GlobalSection(ProjectConfigurationPlatforms) = postSolution
		{1D5800E9-C0F0-47B2-8FDC-FD2574038E32}.Debug|Any CPU.ActiveCfg = Debug|Any CPU
		{1D5800E9-C0F0-47B2-8FDC-FD2574038E32}.Debug|Any CPU.Build.0 = Debug|Any CPU
		{1D5800E9-C0F0-47B2-8FDC-FD2574038E32}.Release|Any CPU.ActiveCfg = Release|Any CPU
		{1D5800E9-C0F0-47B2-8FDC-FD2574038E32}.Release|Any CPU.Build.0 = Release|Any CPU
	EndGlobalSection
	GlobalSection(SolutionProperties) = preSolution
		HideSolutionNode = FALSE
	EndGlobalSection
	GlobalSection(ExtensibilityGlobals) = postSolution
		SolutionGuid = {135A515E-2B95-4481-8E92-2ABCD7DE4BCD}
	EndGlobalSection
EndGlobal
